
Microsoft Visual Studio Solution File, Format Version 12.00
# Visual Studio 15
VisualStudioVersion = 15.0.28010.2046
MinimumVisualStudioVersion = 10.0.40219.1
Project("{FAE04EC0-301F-11D3-BF4B-00C04F79EFBC}") = "TestTalixo", "TestTalixo\TestTalixo.csproj", "{3AADB3D6-83A6-49EC-8355-502D28E627DE}"
EndProject
Global
	GlobalSection(SolutionConfigurationPlatforms) = preSolution
		Debug|Any CPU = Debug|Any CPU
		Release|Any CPU = Release|Any CPU
	EndGlobalSection
	GlobalSection(ProjectConfigurationPlatforms) = postSolution
		{3AADB3D6-83A6-49EC-8355-502D28E627DE}.Debug|Any CPU.ActiveCfg = Debug|Any CPU
		{3AADB3D6-83A6-49EC-8355-502D28E627DE}.Debug|Any CPU.Build.0 = Debug|Any CPU
		{3AADB3D6-83A6-49EC-8355-502D28E627DE}.Release|Any CPU.ActiveCfg = Release|Any CPU
		{3AADB3D6-83A6-49EC-8355-502D28E627DE}.Release|Any CPU.Build.0 = Release|Any CPU
	EndGlobalSection
	GlobalSection(SolutionProperties) = preSolution
		HideSolutionNode = FALSE
	EndGlobalSection
	GlobalSection(ExtensibilityGlobals) = postSolution
		SolutionGuid = {7B792B40-BAF0-463C-A759-7B6EB434312F}
	EndGlobalSection
EndGlobal
